
Microsoft Visual Studio Solution File, Format Version 12.00
Project("{FAE04EC0-301F-11D3-BF4B-00C04F79EFBC}") = "Blog2.0", "Blog2.0\Blog2.0.csproj", "{A3B835BA-E5BB-4E16-9BD5-6703293926F2}"
EndProject
Global
	GlobalSection(SolutionConfigurationPlatforms) = preSolution
		Debug|Any CPU = Debug|Any CPU
		Release|Any CPU = Release|Any CPU
	EndGlobalSection
	GlobalSection(ProjectConfigurationPlatforms) = postSolution
		{A3B835BA-E5BB-4E16-9BD5-6703293926F2}.Debug|Any CPU.ActiveCfg = Debug|Any CPU
		{A3B835BA-E5BB-4E16-9BD5-6703293926F2}.Debug|Any CPU.Build.0 = Debug|Any CPU
		{A3B835BA-E5BB-4E16-9BD5-6703293926F2}.Release|Any CPU.ActiveCfg = Release|Any CPU
		{A3B835BA-E5BB-4E16-9BD5-6703293926F2}.Release|Any CPU.Build.0 = Release|Any CPU
	EndGlobalSection
EndGlobal
